
Microsoft Visual Studio Solution File, Format Version 12.00
# Visual Studio Version 16
VisualStudioVersion = 16.0.33423.256
MinimumVisualStudioVersion = 10.0.40219.1
Project("{FAE04EC0-301F-11D3-BF4B-00C04F79EFBC}") = "LanguageWork", "LanguageWork.csproj", "{96769004-D3BF-4D7C-9916-FA1DD7D364BF}"
EndProject
Global
	GlobalSection(SolutionConfigurationPlatforms) = preSolution
		Debug|Any CPU = Debug|Any CPU
		Release|Any CPU = Release|Any CPU
	EndGlobalSection
	GlobalSection(ProjectConfigurationPlatforms) = postSolution
		{96769004-D3BF-4D7C-9916-FA1DD7D364BF}.Debug|Any CPU.ActiveCfg = Debug|Any CPU
		{96769004-D3BF-4D7C-9916-FA1DD7D364BF}.Debug|Any CPU.Build.0 = Debug|Any CPU
		{96769004-D3BF-4D7C-9916-FA1DD7D364BF}.Release|Any CPU.ActiveCfg = Release|Any CPU
		{96769004-D3BF-4D7C-9916-FA1DD7D364BF}.Release|Any CPU.Build.0 = Release|Any CPU
	EndGlobalSection
	GlobalSection(SolutionProperties) = preSolution
		HideSolutionNode = FALSE
	EndGlobalSection
	GlobalSection(ExtensibilityGlobals) = postSolution
		SolutionGuid = {8367065D-E211-4E41-8080-AFCEACB7143C}
	EndGlobalSection
EndGlobal
